<?xml version="1.0" encoding="utf-8"?>
<Project ToolsVersion="4.0" xmlns="http://schemas.microsoft.com/developer/msbuild/2003">
  <ItemGroup>
    <ClCompile Include="FluidNC\src\Motors\MotorDriver.cpp">
      <Filter>FluidNC\src\Motors</Filter>
    </ClCompile>
    <ClCompile Include="FluidNC\src\Motors\NullMotor.cpp">
      <Filter>FluidNC\src\Motors</Filter>
    </ClCompile>
    <ClCompile Include="FluidNC\src\Motors\StandardStepper.cpp">
      <Filter>FluidNC\src\Motors</Filter>
    </ClCompile>
    <ClCompile Include="FluidNC\src\Machine\Axes.cpp">
      <Filter>FluidNC\src\Machine</Filter>
    </ClCompile>
    <ClCompile Include="FluidNC\src\Machine\Axis.cpp">
      <Filter>FluidNC\src\Machine</Filter>
    </ClCompile>
    <ClCompile Include="FluidNC\src\Machine\Motor.cpp">
      <Filter>FluidNC\src\Machine</Filter>
    </ClCompile>
    <ClCompile Include="FluidNC\src\Machine\LimitPin.cpp">
      <Filter>FluidNC\src\Machine</Filter>
    </ClCompile>
    <ClCompile Include="FluidNC\src\Spindles\Spindle.cpp">
      <Filter>FluidNC\src\Spindles</Filter>
    </ClCompile>
    <ClCompile Include="FluidNC\src\Spindles\NullSpindle.cpp">
      <Filter>FluidNC\src\Spindles</Filter>
    </ClCompile>
    <ClCompile Include="FluidNC\src\Spindles\OnOffSpindle.cpp">
      <Filter>FluidNC\src\Spindles</Filter>
    </ClCompile>
    <ClCompile Include="FluidNC\src\Configuration\Tokenizer.cpp">
      <Filter>FluidNC\src\Configuration</Filter>
    </ClCompile>
    <ClCompile Include="FluidNC\src\Configuration\Parser.cpp">
      <Filter>FluidNC\src\Configuration</Filter>
    </ClCompile>
    <ClCompile Include="FluidNC\test\Configuration\YamlTreeBuilder.cpp">
      <Filter>FluidNC\test\Configuration</Filter>
    </ClCompile>
    <ClCompile Include="FluidNC\test\Configuration\YamlParser.cpp">
      <Filter>FluidNC\test\Configuration</Filter>
    </ClCompile>
    <ClCompile Include="FluidNC\test\Configuration\YamlComplete.cpp">
      <Filter>FluidNC\test\Configuration</Filter>
    </ClCompile>
    <ClCompile Include="FluidNC\test\Configuration\MachineConfigParsing.cpp">
      <Filter>FluidNC\test\Configuration</Filter>
    </ClCompile>
    <ClCompile Include="FluidNC\src\Logging.cpp">
      <Filter>FluidNC\src</Filter>
    </ClCompile>
    <ClCompile Include="FluidNC\src\Pins\GPIOPinDetail.cpp">
      <Filter>FluidNC\src</Filter>
    </ClCompile>
    <ClCompile Include="FluidNC\src\Pins\PinAttributes.cpp">
      <Filter>FluidNC\src</Filter>
    </ClCompile>
    <ClCompile Include="FluidNC\src\Pins\PinCapabilities.cpp">
      <Filter>FluidNC\src</Filter>
    </ClCompile>
    <ClCompile Include="FluidNC\src\Pins\PinDetail.cpp">
      <Filter>FluidNC\src</Filter>
    </ClCompile>
    <ClCompile Include="FluidNC\src\Pins\PinOptionsParser.cpp">
      <Filter>FluidNC\src</Filter>
    </ClCompile>
    <ClCompile Include="FluidNC\src\Pins\VoidPinDetail.cpp">
      <Filter>FluidNC\src</Filter>
    </ClCompile>
    <ClCompile Include="FluidNC\src\Pins\ErrorPinDetail.cpp">
      <Filter>FluidNC\src</Filter>
    </ClCompile>
    <ClCompile Include="FluidNC\src\Channel.cpp">
      <Filter>FluidNC\src</Filter>
    </ClCompile>
  </ItemGroup>
  <ItemGroup>
    <ClInclude Include="FluidNC\src\Configuration\TokenState.h">
      <Filter>FluidNC\src\Configuration</Filter>
    </ClInclude>
    <ClInclude Include="FluidNC\src\Configuration\Tokenizer.h">
      <Filter>FluidNC\src\Configuration</Filter>
    </ClInclude>
    <ClInclude Include="FluidNC\src\Configuration\parser_logging.h">
      <Filter>FluidNC\src\Configuration</Filter>
    </ClInclude>
    <ClInclude Include="FluidNC\src\Configuration\ParserHandler.h">
      <Filter>FluidNC\src\Configuration</Filter>
    </ClInclude>
    <ClInclude Include="FluidNC\src\Configuration\Parser.h">
      <Filter>FluidNC\src\Configuration</Filter>
    </ClInclude>
    <ClInclude Include="FluidNC\src\Configuration\HandlerType.h">
      <Filter>FluidNC\src\Configuration</Filter>
    </ClInclude>
    <ClInclude Include="FluidNC\src\Configuration\HandlerBase.h">
      <Filter>FluidNC\src\Configuration</Filter>
    </ClInclude>
    <ClInclude Include="FluidNC\src\Configuration\GenericFactory.h">
      <Filter>FluidNC\src\Configuration</Filter>
    </ClInclude>
    <ClInclude Include="FluidNC\src\Configuration\Configurable.h">
      <Filter>FluidNC\src\Configuration</Filter>
    </ClInclude>
    <ClInclude Include="FluidNC\src\Assertion.h">
      <Filter>FluidNC\src</Filter>
    </ClInclude>
    <ClInclude Include="FluidNC\src\Logging.h">
      <Filter>FluidNC\src</Filter>
    </ClInclude>
    <ClInclude Include="FluidNC\src\MyIOStream.h">
      <Filter>FluidNC\src</Filter>
    </ClInclude>
    <ClInclude Include="FluidNC\src\Pins\GPIOPinDetail.h">
      <Filter>FluidNC\src</Filter>
    </ClInclude>
    <ClInclude Include="FluidNC\src\Pins\PinAttributes.h">
      <Filter>FluidNC\src</Filter>
    </ClInclude>
    <ClInclude Include="FluidNC\src\Pins\PinCapabilities.h">
      <Filter>FluidNC\src</Filter>
    </ClInclude>
    <ClInclude Include="FluidNC\src\Pins\PinDetail.h">
      <Filter>FluidNC\src</Filter>
    </ClInclude>
    <ClInclude Include="FluidNC\src\Pins\PinOptionsParser.h">
      <Filter>FluidNC\src</Filter>
    </ClInclude>
    <ClInclude Include="FluidNC\src\Pins\VoidPinDetail.h">
      <Filter>FluidNC\src</Filter>
    </ClInclude>
    <ClInclude Include="FluidNC\src\Pins\ErrorPinDetail.h">
      <Filter>FluidNC\src</Filter>
    </ClInclude>
    <ClInclude Include="FluidNC\src\Channel.h">
      <Filter>FluidNC\src</Filter>
    </ClInclude>
  </ItemGroup>
  <ItemGroup>
    <Filter Include="FluidNC">
      <UniqueIdentifier>{af823396-827a-48cc-8908-a572491f7fb1}</UniqueIdentifier>
    </Filter>
    <Filter Include="FluidNC\src">
      <UniqueIdentifier>{1ab24f0f-2297-426a-b31e-cf1bf129d375}</UniqueIdentifier>
    </Filter>
    <Filter Include="FluidNC\src\Configuration">
      <UniqueIdentifier>{5917e340-5774-4616-adbb-8cd30d4e0475}</UniqueIdentifier>
    </Filter>
    <Filter Include="FluidNC\test">
      <UniqueIdentifier>{cbad3cb2-8d0c-4b37-8d33-a8956d9bc1b3}</UniqueIdentifier>
    </Filter>
    <Filter Include="FluidNC\test\Configuration">
      <UniqueIdentifier>{689c7609-09e4-4a31-8ffd-b156e606d9ef}</UniqueIdentifier>
    </Filter>
  </ItemGroup>
  <ItemGroup>
    <None Include="packages.config" />
  </ItemGroup>
</Project>