<?xml version="1.0" encoding="utf-8"?>
<Project ToolsVersion="4.0" xmlns="http://schemas.microsoft.com/developer/msbuild/2003">
  <ItemGroup>
    <Filter Include="src">
      <UniqueIdentifier>{FDE5A3A1-4E92-3B7B-BA93-74C1C89D4E58}</UniqueIdentifier>
    </Filter>
    <Filter Include="src\Configuration">
      <UniqueIdentifier>{EED825A4-B73C-33F5-96D4-769C2A167F8C}</UniqueIdentifier>
    </Filter>
    <Filter Include="src\StackTrace">
      <UniqueIdentifier>{4FE640FC-EB59-3010-9873-80157C13991B}</UniqueIdentifier>
    </Filter>
    <Filter Include="src\Pins">
      <UniqueIdentifier>{2896077E-16A8-3EAE-B5C4-159DC4FA2436}</UniqueIdentifier>
    </Filter>
    <Filter Include="X86TestSupport">
      <UniqueIdentifier>{30B52F7F-8838-3316-82C9-F8BA29F0B32E}</UniqueIdentifier>
    </Filter>
    <Filter Include="test">
      <UniqueIdentifier>{6cdf2082-ef6b-40f9-bea9-637f19d3d928}</UniqueIdentifier>
    </Filter>
    <Filter Include="test\Configuration">
      <UniqueIdentifier>{eba3f311-ad6a-40b8-b176-a22b20a53fd8}</UniqueIdentifier>
    </Filter>
    <Filter Include="test\Pins">
      <UniqueIdentifier>{dc4ba3bc-4342-4a67-aea2-f68877f1ee69}</UniqueIdentifier>
    </Filter>
    <Filter Include="X86TestSupport\soc">
      <UniqueIdentifier>{e2803694-74fa-4db4-81f2-ad93a96763fc}</UniqueIdentifier>
    </Filter>
    <Filter Include="test\Utility">
      <UniqueIdentifier>{5013c39f-3e52-46c9-989f-8216ee5904ac}</UniqueIdentifier>
    </Filter>
    <Filter Include="src\Motors">
      <UniqueIdentifier>{55036e3e-1200-4e6a-a918-38735ae96477}</UniqueIdentifier>
    </Filter>
    <Filter Include="test\Motion">
      <UniqueIdentifier>{d99a7719-36bc-47fd-967e-b5c9938f44c5}</UniqueIdentifier>
    </Filter>
    <Filter Include="src\Motion">
      <UniqueIdentifier>{e733f1c6-19fe-4aed-9147-894f437ca858}</UniqueIdentifier>
    </Filter>
  </ItemGroup>
  <ItemGroup>
    <ClInclude Include="FluidNC\src\StringRange.h">
      <Filter>src</Filter>
    </ClInclude>
    <ClInclude Include="FluidNC\src\Configuration\GenericFactory.h">
      <Filter>src\Configuration</Filter>
    </ClInclude>
    <ClInclude Include="FluidNC\src\Configuration\Configurable.h">
      <Filter>src\Configuration</Filter>
    </ClInclude>
    <ClInclude Include="FluidNC\src\Pins\PinAttributes.h">
      <Filter>src\Pins</Filter>
    </ClInclude>
    <ClInclude Include="FluidNC\src\Assert.h">
      <Filter>src</Filter>
    </ClInclude>
    <ClInclude Include="FluidNC\src\Logging.h">
      <Filter>src</Filter>
    </ClInclude>
    <ClInclude Include="FluidNC\src\StackTrace\debug_helpers.h">
      <Filter>src\StackTrace</Filter>
    </ClInclude>
    <ClInclude Include="FluidNC\src\Pins\PinCapabilities.h">
      <Filter>src\Pins</Filter>
    </ClInclude>
    <ClInclude Include="FluidNC\src\Configuration\HandlerType.h">
      <Filter>src\Configuration</Filter>
    </ClInclude>
    <ClInclude Include="FluidNC\src\Configuration\HandlerBase.h">
      <Filter>src\Configuration</Filter>
    </ClInclude>
    <ClInclude Include="FluidNC\src\Configuration\Generator.h">
      <Filter>src\Configuration</Filter>
    </ClInclude>
    <ClInclude Include="FluidNC\src\Configuration\Validator.h">
      <Filter>src\Configuration</Filter>
    </ClInclude>
    <ClInclude Include="FluidNC\src\StackTrace\AssertionFailed.h">
      <Filter>src\StackTrace</Filter>
    </ClInclude>
    <ClInclude Include="FluidNC\src\Pins\I2SOPinDetail.h">
      <Filter>src\Pins</Filter>
    </ClInclude>
    <ClInclude Include="FluidNC\src\Configuration\AfterParse.h">
      <Filter>src\Configuration</Filter>
    </ClInclude>
    <ClInclude Include="FluidNC\src\Pins\PinDetail.h">
      <Filter>src\Pins</Filter>
    </ClInclude>
    <ClInclude Include="FluidNC\src\lineedit.h">
      <Filter>src</Filter>
    </ClInclude>
    <ClInclude Include="FluidNC\src\Configuration\Parser.h">
      <Filter>src\Configuration</Filter>
    </ClInclude>
    <ClInclude Include="FluidNC\src\Pins\VoidPinDetail.h">
      <Filter>src\Pins</Filter>
    </ClInclude>
    <ClInclude Include="FluidNC\src\Configuration\Tokenizer.h">
      <Filter>src\Configuration</Filter>
    </ClInclude>
    <ClInclude Include="FluidNC\src\Pins\GPIOPinDetail.h">
      <Filter>src\Pins</Filter>
    </ClInclude>
    <ClInclude Include="FluidNC\src\MyIOStream.h">
      <Filter>src</Filter>
    </ClInclude>
    <ClInclude Include="FluidNC\src\Configuration\ParseException.h">
      <Filter>src\Configuration</Filter>
    </ClInclude>
    <ClInclude Include="FluidNC\src\EnumItem.h">
      <Filter>src</Filter>
    </ClInclude>
    <ClInclude Include="FluidNC\src\UartTypes.h">
      <Filter>src</Filter>
    </ClInclude>
    <ClInclude Include="FluidNC\src\Pin.h">
      <Filter>src</Filter>
    </ClInclude>
    <ClInclude Include="FluidNC\src\SpindleDatatypes.h">
      <Filter>src</Filter>
    </ClInclude>
    <ClInclude Include="FluidNC\src\Configuration\ParserHandler.h">
      <Filter>src\Configuration</Filter>
    </ClInclude>
    <ClInclude Include="FluidNC\src\Pins\PinOptionsParser.h">
      <Filter>src\Pins</Filter>
    </ClInclude>
    <ClInclude Include="FluidNC\src\Configuration\TokenState.h">
      <Filter>src\Configuration</Filter>
    </ClInclude>
    <ClInclude Include="FluidNC\src\Pins\ErrorPinDetail.h">
      <Filter>src\Pins</Filter>
    </ClInclude>
    <ClInclude Include="X86TestSupport\TestSupport\FS.h">
      <Filter>X86TestSupport</Filter>
    </ClInclude>
    <ClInclude Include="X86TestSupport\TestSupport\FSImpl.h">
      <Filter>X86TestSupport</Filter>
    </ClInclude>
    <ClInclude Include="X86TestSupport\TestSupport\IPAddress.h">
      <Filter>X86TestSupport</Filter>
    </ClInclude>
    <ClInclude Include="X86TestSupport\TestSupport\nvs.h">
      <Filter>X86TestSupport</Filter>
    </ClInclude>
    <ClInclude Include="X86TestSupport\TestSupport\Print.h">
      <Filter>X86TestSupport</Filter>
    </ClInclude>
    <ClInclude Include="X86TestSupport\TestSupport\Printable.h">
      <Filter>X86TestSupport</Filter>
    </ClInclude>
    <ClInclude Include="X86TestSupport\TestSupport\SD.h">
      <Filter>X86TestSupport</Filter>
    </ClInclude>
    <ClInclude Include="X86TestSupport\TestSupport\SPI.h">
      <Filter>X86TestSupport</Filter>
    </ClInclude>
    <ClInclude Include="X86TestSupport\TestSupport\SPIFFS.h">
      <Filter>X86TestSupport</Filter>
    </ClInclude>
    <ClInclude Include="X86TestSupport\TestSupport\Stream.h">
      <Filter>X86TestSupport</Filter>
    </ClInclude>
    <ClInclude Include="X86TestSupport\TestSupport\WString.h">
      <Filter>X86TestSupport</Filter>
    </ClInclude>
    <ClInclude Include="X86TestSupport\TestSupport\Arduino.h">
      <Filter>X86TestSupport</Filter>
    </ClInclude>
    <ClInclude Include="X86TestSupport\TestSupport\Capture.h">
      <Filter>X86TestSupport</Filter>
    </ClInclude>
    <ClInclude Include="X86TestSupport\TestSupport\Esp.h">
      <Filter>X86TestSupport</Filter>
    </ClInclude>
    <ClInclude Include="X86TestSupport\TestSupport\esp_attr.h">
      <Filter>X86TestSupport</Filter>
    </ClInclude>
    <ClInclude Include="X86TestSupport\TestSupport\esp_err.h">
      <Filter>X86TestSupport</Filter>
    </ClInclude>
    <ClInclude Include="X86TestSupport\TestSupport\esp_system.h">
      <Filter>X86TestSupport</Filter>
    </ClInclude>
    <ClInclude Include="X86TestSupport\TestSupport\esp32-hal.h">
      <Filter>X86TestSupport</Filter>
    </ClInclude>
    <ClInclude Include="X86TestSupport\TestSupport\esp32-hal-cpu.h">
      <Filter>X86TestSupport</Filter>
    </ClInclude>
    <ClInclude Include="X86TestSupport\TestSupport\esp32-hal-dac.h">
      <Filter>X86TestSupport</Filter>
    </ClInclude>
    <ClInclude Include="X86TestSupport\TestSupport\esp32-hal-gpio.h">
      <Filter>X86TestSupport</Filter>
    </ClInclude>
    <ClInclude Include="X86TestSupport\TestSupport\esp32-hal-ledc.h">
      <Filter>X86TestSupport</Filter>
    </ClInclude>
    <ClInclude Include="X86TestSupport\TestSupport\esp32-hal-matrix.h">
      <Filter>X86TestSupport</Filter>
    </ClInclude>
    <ClInclude Include="X86TestSupport\TestSupport\esp32-hal-timer.h">
      <Filter>X86TestSupport</Filter>
    </ClInclude>
    <ClInclude Include="FluidNC\test\TestFramework.h">
      <Filter>test</Filter>
    </ClInclude>
    <ClInclude Include="FluidNC\test\TestFactory.h">
      <Filter>test</Filter>
    </ClInclude>
    <ClInclude Include="X86TestSupport\TestSupport\xtensa\core-macros.h">
      <Filter>X86TestSupport</Filter>
    </ClInclude>
    <ClInclude Include="X86TestSupport\TestSupport\driver\dac.h">
      <Filter>X86TestSupport</Filter>
    </ClInclude>
    <ClInclude Include="X86TestSupport\TestSupport\soc\dport_reg.h">
      <Filter>X86TestSupport</Filter>
    </ClInclude>
    <ClInclude Include="X86TestSupport\TestSupport\freertos\FreeRTOS.h">
      <Filter>X86TestSupport</Filter>
    </ClInclude>
    <ClInclude Include="X86TestSupport\TestSupport\freertos\FreeRTOSTypes.h">
      <Filter>X86TestSupport</Filter>
    </ClInclude>
    <ClInclude Include="X86TestSupport\TestSupport\soc\gpio_sig_map.h">
      <Filter>X86TestSupport</Filter>
    </ClInclude>
    <ClInclude Include="X86TestSupport\TestSupport\soc\io_mux_reg.h">
      <Filter>X86TestSupport</Filter>
    </ClInclude>
    <ClInclude Include="X86TestSupport\TestSupport\driver\ledc.h">
      <Filter>X86TestSupport</Filter>
    </ClInclude>
    <ClInclude Include="X86TestSupport\TestSupport\soc\ledc_struct.h">
      <Filter>X86TestSupport</Filter>
    </ClInclude>
    <ClInclude Include="X86TestSupport\TestSupport\freertos\Queue.h">
      <Filter>X86TestSupport</Filter>
    </ClInclude>
    <ClInclude Include="X86TestSupport\TestSupport\driver\rmt.h">
      <Filter>X86TestSupport</Filter>
    </ClInclude>
    <ClInclude Include="X86TestSupport\TestSupport\soc\rtc.h">
      <Filter>X86TestSupport</Filter>
    </ClInclude>
    <ClInclude Include="X86TestSupport\TestSupport\freertos\task.h">
      <Filter>X86TestSupport</Filter>
    </ClInclude>
    <ClInclude Include="X86TestSupport\TestSupport\TMC\TMCStepper.h">
      <Filter>X86TestSupport</Filter>
    </ClInclude>
    <ClInclude Include="X86TestSupport\TestSupport\TMC\TMCStepper_UTILITY.h">
      <Filter>X86TestSupport</Filter>
    </ClInclude>
    <ClInclude Include="X86TestSupport\TestSupport\driver\uart.h">
      <Filter>X86TestSupport</Filter>
    </ClInclude>
    <ClInclude Include="X86TestSupport\TestSupport\soc\uart_reg.h">
      <Filter>X86TestSupport</Filter>
    </ClInclude>
    <ClInclude Include="FluidNC\src\PinMapper.h">
      <Filter>src</Filter>
    </ClInclude>
    <ClInclude Include="FluidNC\src\StringStream.h">
      <Filter>src</Filter>
    </ClInclude>
    <ClInclude Include="X86TestSupport\TestSupport\SoftwareGPIO.h">
      <Filter>X86TestSupport</Filter>
    </ClInclude>
    <ClInclude Include="FluidNC\src\Peripherals.h">
      <Filter>src</Filter>
    </ClInclude>
    <ClInclude Include="FluidNC\src\LimitedResource.h" />
    <ClInclude Include="FluidNC\src\Motion\Planner.h">
      <Filter>src\Motion</Filter>
    </ClInclude>
  </ItemGroup>
  <ItemGroup>
    <ClCompile Include="FluidNC\src\Pins\PinDetail.cpp">
      <Filter>src\Pins</Filter>
    </ClCompile>
    <ClCompile Include="FluidNC\src\StackTrace\AssertionFailed.cpp">
      <Filter>src\StackTrace</Filter>
    </ClCompile>
    <ClCompile Include="FluidNC\src\Pins\I2SOPinDetail.cpp">
      <Filter>src\Pins</Filter>
    </ClCompile>
    <ClCompile Include="FluidNC\src\Configuration\Validator.cpp">
      <Filter>src\Configuration</Filter>
    </ClCompile>
    <ClCompile Include="FluidNC\src\Configuration\Tokenizer.cpp">
      <Filter>src\Configuration</Filter>
    </ClCompile>
    <ClCompile Include="FluidNC\src\Pins\PinAttributes.cpp">
      <Filter>src\Pins</Filter>
    </ClCompile>
    <ClCompile Include="FluidNC\src\StackTrace\debug_helpers.cpp">
      <Filter>src\StackTrace</Filter>
    </ClCompile>
    <ClCompile Include="FluidNC\src\Pin.cpp">
      <Filter>src</Filter>
    </ClCompile>
    <ClCompile Include="FluidNC\src\Configuration\Parser.cpp">
      <Filter>src\Configuration</Filter>
    </ClCompile>
    <ClCompile Include="FluidNC\src\lineedit.cpp">
      <Filter>src</Filter>
    </ClCompile>
    <ClCompile Include="FluidNC\src\Pins\PinCapabilities.cpp">
      <Filter>src\Pins</Filter>
    </ClCompile>
    <ClCompile Include="FluidNC\src\Pins\VoidPinDetail.cpp">
      <Filter>src\Pins</Filter>
    </ClCompile>
    <ClCompile Include="FluidNC\src\Logging.cpp">
      <Filter>src</Filter>
    </ClCompile>
    <ClCompile Include="FluidNC\src\Configuration\Generator.cpp">
      <Filter>src\Configuration</Filter>
    </ClCompile>
    <ClCompile Include="FluidNC\src\Pins\GPIOPinDetail.cpp">
      <Filter>src\Pins</Filter>
    </ClCompile>
    <ClCompile Include="FluidNC\src\Pins\ErrorPinDetail.cpp">
      <Filter>src\Pins</Filter>
    </ClCompile>
    <ClCompile Include="FluidNC\src\Configuration\AfterParse.cpp">
      <Filter>src\Configuration</Filter>
    </ClCompile>
    <ClCompile Include="FluidNC\src\Pins\PinOptionsParser.cpp">
      <Filter>src\Pins</Filter>
    </ClCompile>
    <ClCompile Include="X86TestSupport\TestSupport\I2SO.cpp">
      <Filter>X86TestSupport</Filter>
    </ClCompile>
    <ClCompile Include="X86TestSupport\TestSupport\nvs.cpp">
      <Filter>X86TestSupport</Filter>
    </ClCompile>
    <ClCompile Include="X86TestSupport\TestSupport\Print.cpp">
      <Filter>X86TestSupport</Filter>
    </ClCompile>
    <ClCompile Include="X86TestSupport\TestSupport\SDFS.cpp">
      <Filter>X86TestSupport</Filter>
    </ClCompile>
    <ClCompile Include="X86TestSupport\TestSupport\SPI.cpp">
      <Filter>X86TestSupport</Filter>
    </ClCompile>
    <ClCompile Include="X86TestSupport\TestSupport\SPIFFS.cpp">
      <Filter>X86TestSupport</Filter>
    </ClCompile>
    <ClCompile Include="X86TestSupport\TestSupport\Stream.cpp">
      <Filter>X86TestSupport</Filter>
    </ClCompile>
    <ClCompile Include="X86TestSupport\TestSupport\WString.cpp">
      <Filter>X86TestSupport</Filter>
    </ClCompile>
    <ClCompile Include="X86TestSupport\TestSupport\Arduino.cpp">
      <Filter>X86TestSupport</Filter>
    </ClCompile>
    <ClCompile Include="X86TestSupport\TestSupport\esp32-hal-timer.cpp">
      <Filter>X86TestSupport</Filter>
    </ClCompile>
    <ClCompile Include="X86TestSupport\TestSupport\ExceptionHelper.cpp">
      <Filter>X86TestSupport</Filter>
    </ClCompile>
    <ClCompile Include="X86TestSupport\TestSupport\FS.cpp">
      <Filter>X86TestSupport</Filter>
    </ClCompile>
    <ClCompile Include="FluidNC\test\Configuration\YamlParser.cpp">
      <Filter>test\Configuration</Filter>
    </ClCompile>
    <ClCompile Include="FluidNC\test\Configuration\YamlTreeBuilder.cpp">
      <Filter>test\Configuration</Filter>
    </ClCompile>
    <ClCompile Include="FluidNC\test\Configuration\YamlComplete.cpp">
      <Filter>test\Configuration</Filter>
    </ClCompile>
    <ClCompile Include="FluidNC\test\Pins\PinOptionParsing.cpp">
      <Filter>test\Pins</Filter>
    </ClCompile>
    <ClCompile Include="FluidNC\test\Pins\Undefined.cpp">
      <Filter>test\Pins</Filter>
    </ClCompile>
    <ClCompile Include="FluidNC\test\Pins\BasicGPIO.cpp">
      <Filter>test\Pins</Filter>
    </ClCompile>
    <ClCompile Include="FluidNC\test\Pins\ErrorPinTest.cpp">
      <Filter>test\Pins</Filter>
    </ClCompile>
    <ClCompile Include="FluidNC\test\Pins\GPIO.cpp">
      <Filter>test\Pins</Filter>
    </ClCompile>
    <ClCompile Include="FluidNC\test\TestFrameworkTest.cpp">
      <Filter>test</Filter>
    </ClCompile>
    <ClCompile Include="FluidNC\test\test_main.cpp">
      <Filter>test</Filter>
    </ClCompile>
    <ClCompile Include="FluidNC\test\TestFactory.cpp">
      <Filter>test</Filter>
    </ClCompile>
    <ClCompile Include="X86TestSupport\TestSupport\driver\dac.cpp">
      <Filter>X86TestSupport</Filter>
    </ClCompile>
    <ClCompile Include="X86TestSupport\TestSupport\driver\ledc.cpp">
      <Filter>X86TestSupport</Filter>
    </ClCompile>
    <ClCompile Include="X86TestSupport\TestSupport\soc\ledc_struct.cpp">
      <Filter>X86TestSupport</Filter>
    </ClCompile>
    <ClCompile Include="X86TestSupport\TestSupport\freertos\Queue.cpp">
      <Filter>X86TestSupport</Filter>
    </ClCompile>
    <ClCompile Include="X86TestSupport\TestSupport\driver\rmt.cpp">
      <Filter>X86TestSupport</Filter>
    </ClCompile>
    <ClCompile Include="X86TestSupport\TestSupport\freertos\Task.cpp">
      <Filter>X86TestSupport</Filter>
    </ClCompile>
    <ClCompile Include="X86TestSupport\TestSupport\driver\uartdriver.cpp">
      <Filter>X86TestSupport</Filter>
    </ClCompile>
    <ClCompile Include="FluidNC\src\PinMapper.cpp">
      <Filter>src</Filter>
    </ClCompile>
    <ClCompile Include="FluidNC\test\Configuration\YamlTokenizer.cpp">
      <Filter>test\Configuration</Filter>
    </ClCompile>
    <ClCompile Include="FluidNC\test\Configuration\YamlProperties.cpp">
      <Filter>test\Configuration</Filter>
    </ClCompile>
    <ClCompile Include="FluidNC\test\Pins\PinAttributesBasics.cpp">
      <Filter>test\Pins</Filter>
    </ClCompile>
    <ClCompile Include="FluidNC\test\Utility\Enums.cpp">
      <Filter>test\Utility</Filter>
    </ClCompile>
    <ClCompile Include="FluidNC\test\Utility\IOStream.cpp">
      <Filter>test\Utility</Filter>
    </ClCompile>
    <ClCompile Include="FluidNC\test\Utility\StringRange.cpp">
      <Filter>test\Utility</Filter>
    </ClCompile>
    <ClCompile Include="FluidNC\test\Utility\Assertions.cpp">
      <Filter>test\Utility</Filter>
    </ClCompile>
    <ClCompile Include="FluidNC\test\Configuration\YamlAfterParse.cpp">
      <Filter>test\Configuration</Filter>
    </ClCompile>
    <ClCompile Include="FluidNC\src\Configuration\Configurable.cpp">
      <Filter>src\Configuration</Filter>
    </ClCompile>
    <ClCompile Include="FluidNC\test\Motion\PlannerTests.cpp">
      <Filter>test\Motion</Filter>
    </ClCompile>
    <ClCompile Include="FluidNC\src\Motion\Planner.cpp">
      <Filter>src\Motion</Filter>
    </ClCompile>
  </ItemGroup>
  <ItemGroup>
    <None Include="FluidNC\src\Configuration\Parser.md">
      <Filter>src\Configuration</Filter>
    </None>
    <None Include="FluidNC\src\Configuration\_Overview.md">
      <Filter>src\Configuration</Filter>
    </None>
    <None Include="FluidNC\src\Configuration\ConfigurationHandlers.md">
      <Filter>src\Configuration</Filter>
    </None>
    <None Include="FluidNC\src\Configuration\GenericFactory.md">
      <Filter>src\Configuration</Filter>
    </None>
    <None Include="FluidNC\test\UnitTests.md">
      <Filter>test</Filter>
    </None>
    <None Include="FluidNC\src\Motion\MotorsAndStepping.md">
      <Filter>src\Motion</Filter>
    </None>
  </ItemGroup>
  <ItemGroup>
    <Text Include="X86TestSupport\TestSupport\TODO.txt">
      <Filter>X86TestSupport</Filter>
    </Text>
  </ItemGroup>
</Project>